
Microsoft Visual Studio Solution File, Format Version 12.00
# Visual Studio Version 17
VisualStudioVersion = 17.9.34622.214
MinimumVisualStudioVersion = 10.0.40219.1
Project("{FAE04EC0-301F-11D3-BF4B-00C04F79EFBC}") = "FactorialCalculatorTest", "FactorialCalculatorTest\FactorialCalculatorTest.csproj", "{B2A25607-9EA4-4C22-9558-D832429A0A30}"
EndProject
Project("{FAE04EC0-301F-11D3-BF4B-00C04F79EFBC}") = "Calculator", "Calculator\Calculator.csproj", "{8E6B97F1-72CF-45FA-9864-62A54AF7DAE1}"
EndProject
Project("{FAE04EC0-301F-11D3-BF4B-00C04F79EFBC}") = "FactorialCalculator", "FactorialCalculator\FactorialCalculator.csproj", "{30BF74C9-BBF8-4E66-9CC2-9D9A6FB803C8}"
EndProject
Global
	GlobalSection(SolutionConfigurationPlatforms) = preSolution
		Debug|Any CPU = Debug|Any CPU
		Release|Any CPU = Release|Any CPU
	EndGlobalSection
	GlobalSection(ProjectConfigurationPlatforms) = postSolution
		{B2A25607-9EA4-4C22-9558-D832429A0A30}.Debug|Any CPU.ActiveCfg = Debug|Any CPU
		{B2A25607-9EA4-4C22-9558-D832429A0A30}.Debug|Any CPU.Build.0 = Debug|Any CPU
		{B2A25607-9EA4-4C22-9558-D832429A0A30}.Release|Any CPU.ActiveCfg = Release|Any CPU
		{B2A25607-9EA4-4C22-9558-D832429A0A30}.Release|Any CPU.Build.0 = Release|Any CPU
		{8E6B97F1-72CF-45FA-9864-62A54AF7DAE1}.Debug|Any CPU.ActiveCfg = Debug|Any CPU
		{8E6B97F1-72CF-45FA-9864-62A54AF7DAE1}.Debug|Any CPU.Build.0 = Debug|Any CPU
		{8E6B97F1-72CF-45FA-9864-62A54AF7DAE1}.Release|Any CPU.ActiveCfg = Release|Any CPU
		{8E6B97F1-72CF-45FA-9864-62A54AF7DAE1}.Release|Any CPU.Build.0 = Release|Any CPU
		{30BF74C9-BBF8-4E66-9CC2-9D9A6FB803C8}.Debug|Any CPU.ActiveCfg = Debug|Any CPU
		{30BF74C9-BBF8-4E66-9CC2-9D9A6FB803C8}.Debug|Any CPU.Build.0 = Debug|Any CPU
		{30BF74C9-BBF8-4E66-9CC2-9D9A6FB803C8}.Release|Any CPU.ActiveCfg = Release|Any CPU
		{30BF74C9-BBF8-4E66-9CC2-9D9A6FB803C8}.Release|Any CPU.Build.0 = Release|Any CPU
	EndGlobalSection
	GlobalSection(SolutionProperties) = preSolution
		HideSolutionNode = FALSE
	EndGlobalSection
	GlobalSection(ExtensibilityGlobals) = postSolution
		SolutionGuid = {030F133E-74FE-4C91-8AC9-514812224982}
	EndGlobalSection
EndGlobal
