
Microsoft Visual Studio Solution File, Format Version 12.00
# Visual Studio Version 17
VisualStudioVersion = 17.9.34728.123
MinimumVisualStudioVersion = 10.0.40219.1
Project("{9A19103F-16F7-4668-BE54-9A1E7A4F7556}") = "Data", "Data\Data.csproj", "{1B51F4B9-B868-4102-8898-BA5430D35230}"
EndProject
Project("{9A19103F-16F7-4668-BE54-9A1E7A4F7556}") = "Service", "Services\Service.csproj", "{8E8E1A8B-95A7-4555-93F9-9BE614B4E948}"
EndProject
Project("{9A19103F-16F7-4668-BE54-9A1E7A4F7556}") = "Presentation", "Presentation\Presentation.csproj", "{B5E5FBB0-9822-4FA6-BCD7-473731BBF025}"
EndProject
Global
	GlobalSection(SolutionConfigurationPlatforms) = preSolution
		Debug|Any CPU = Debug|Any CPU
		Release|Any CPU = Release|Any CPU
	EndGlobalSection
	GlobalSection(ProjectConfigurationPlatforms) = postSolution
		{1B51F4B9-B868-4102-8898-BA5430D35230}.Debug|Any CPU.ActiveCfg = Debug|Any CPU
		{1B51F4B9-B868-4102-8898-BA5430D35230}.Debug|Any CPU.Build.0 = Debug|Any CPU
		{1B51F4B9-B868-4102-8898-BA5430D35230}.Release|Any CPU.ActiveCfg = Release|Any CPU
		{1B51F4B9-B868-4102-8898-BA5430D35230}.Release|Any CPU.Build.0 = Release|Any CPU
		{8E8E1A8B-95A7-4555-93F9-9BE614B4E948}.Debug|Any CPU.ActiveCfg = Debug|Any CPU
		{8E8E1A8B-95A7-4555-93F9-9BE614B4E948}.Debug|Any CPU.Build.0 = Debug|Any CPU
		{8E8E1A8B-95A7-4555-93F9-9BE614B4E948}.Release|Any CPU.ActiveCfg = Release|Any CPU
		{8E8E1A8B-95A7-4555-93F9-9BE614B4E948}.Release|Any CPU.Build.0 = Release|Any CPU
		{B5E5FBB0-9822-4FA6-BCD7-473731BBF025}.Debug|Any CPU.ActiveCfg = Debug|Any CPU
		{B5E5FBB0-9822-4FA6-BCD7-473731BBF025}.Debug|Any CPU.Build.0 = Debug|Any CPU
		{B5E5FBB0-9822-4FA6-BCD7-473731BBF025}.Release|Any CPU.ActiveCfg = Release|Any CPU
		{B5E5FBB0-9822-4FA6-BCD7-473731BBF025}.Release|Any CPU.Build.0 = Release|Any CPU
	EndGlobalSection
	GlobalSection(SolutionProperties) = preSolution
		HideSolutionNode = FALSE
	EndGlobalSection
	GlobalSection(ExtensibilityGlobals) = postSolution
		SolutionGuid = {03DE238A-DE11-41FB-87F4-4D472111637F}
	EndGlobalSection
EndGlobal
